
Microsoft Visual Studio Solution File, Format Version 12.00
# Visual Studio Version 16
VisualStudioVersion = 16.0.29709.97
MinimumVisualStudioVersion = 10.0.40219.1
Project("{FAE04EC0-301F-11D3-BF4B-00C04F79EFBC}") = "prak 4-04", "prak 4-04\prak 4-04.csproj", "{94DC4850-9634-40F5-85BF-0E49E603BF8A}"
EndProject
Global
	GlobalSection(SolutionConfigurationPlatforms) = preSolution
		Debug|Any CPU = Debug|Any CPU
		Release|Any CPU = Release|Any CPU
	EndGlobalSection
	GlobalSection(ProjectConfigurationPlatforms) = postSolution
		{94DC4850-9634-40F5-85BF-0E49E603BF8A}.Debug|Any CPU.ActiveCfg = Debug|Any CPU
		{94DC4850-9634-40F5-85BF-0E49E603BF8A}.Debug|Any CPU.Build.0 = Debug|Any CPU
		{94DC4850-9634-40F5-85BF-0E49E603BF8A}.Release|Any CPU.ActiveCfg = Release|Any CPU
		{94DC4850-9634-40F5-85BF-0E49E603BF8A}.Release|Any CPU.Build.0 = Release|Any CPU
	EndGlobalSection
	GlobalSection(SolutionProperties) = preSolution
		HideSolutionNode = FALSE
	EndGlobalSection
	GlobalSection(ExtensibilityGlobals) = postSolution
		SolutionGuid = {C8E0EC17-9A6C-439E-84EF-EE52C108003A}
	EndGlobalSection
EndGlobal
